// !$*UTF8*$!
{
	archiveVersion = 1;
	classes = {
	};
	objectVersion = 46;
	objects = {

/* Begin PBXBuildFile section */
		74AC92411B3BFA5E008BFA90 /* main.m in Sources */ = {isa = PBXBuildFile; fileRef = 74AC92401B3BFA5E008BFA90 /* main.m */; };
		74AC92441B3BFA5E008BFA90 /* AppDelegate.m in Sources */ = {isa = PBXBuildFile; fileRef = 74AC92431B3BFA5E008BFA90 /* AppDelegate.m */; };
		74AC92471B3BFA5E008BFA90 /* ViewController.m in Sources */ = {isa = PBXBuildFile; fileRef = 74AC92461B3BFA5E008BFA90 /* ViewController.m */; };
		74AC924A1B3BFA5E008BFA90 /* Main.storyboard in Resources */ = {isa = PBXBuildFile; fileRef = 74AC92481B3BFA5E008BFA90 /* Main.storyboard */; };
		74AC924C1B3BFA5E008BFA90 /* Images.xcassets in Resources */ = {isa = PBXBuildFile; fileRef = 74AC924B1B3BFA5E008BFA90 /* Images.xcassets */; };
		74AC924F1B3BFA5E008BFA90 /* LaunchScreen.xib in Resources */ = {isa = PBXBuildFile; fileRef = 74AC924D1B3BFA5E008BFA90 /* LaunchScreen.xib */; };
		74AC925B1B3BFA5E008BFA90 /* CycleScrollViewTests.m in Sources */ = {isa = PBXBuildFile; fileRef = 74AC925A1B3BFA5E008BFA90 /* CycleScrollViewTests.m */; };
		74AC92671B3BFAE3008BFA90 /* NSTimer+CycleScrollView.m in Sources */ = {isa = PBXBuildFile; fileRef = 74AC92661B3BFAE3008BFA90 /* NSTimer+CycleScrollView.m */; };
		74AC926A1B3BFB63008BFA90 /* CycleScrollView.m in Sources */ = {isa = PBXBuildFile; fileRef = 74AC92691B3BFB63008BFA90 /* CycleScrollView.m */; };
/* End PBXBuildFile section */

/* Begin PBXContainerItemProxy section */
		74AC92551B3BFA5E008BFA90 /* PBXContainerItemProxy */ = {
			isa = PBXContainerItemProxy;
			containerPortal = 74AC92331B3BFA5E008BFA90 /* Project object */;
			proxyType = 1;
			remoteGlobalIDString = 74AC923A1B3BFA5E008BFA90;
			remoteInfo = CycleScrollView;
		};
/* End PBXContainerItemProxy section */

/* Begin PBXFileReference section */
		74AC923B1B3BFA5E008BFA90 /* CycleScrollView.app */ = {isa = PBXFileReference; explicitFileType = wrapper.application; includeInIndex = 0; path = CycleScrollView.app; sourceTree = BUILT_PRODUCTS_DIR; };
		74AC923F1B3BFA5E008BFA90 /* Info.plist */ = {isa = PBXFileReference; lastKnownFileType = text.plist.xml; path = Info.plist; sourceTree = "<group>"; };
		74AC92401B3BFA5E008BFA90 /* main.m */ = {isa = PBXFileReference; lastKnownFileType = sourcecode.c.objc; path = main.m; sourceTree = "<group>"; };
		74AC92421B3BFA5E008BFA90 /* AppDelegate.h */ = {isa = PBXFileReference; lastKnownFileType = sourcecode.c.h; path = AppDelegate.h; sourceTree = "<group>"; };
		74AC92431B3BFA5E008BFA90 /* AppDelegate.m */ = {isa = PBXFileReference; lastKnownFileType = sourcecode.c.objc; path = AppDelegate.m; sourceTree = "<group>"; };
		74AC92451B3BFA5E008BFA90 /* ViewController.h */ = {isa = PBXFileReference; lastKnownFileType = sourcecode.c.h; path = ViewController.h; sourceTree = "<group>"; };
		74AC92461B3BFA5E008BFA90 /* ViewController.m */ = {isa = PBXFileReference; lastKnownFileType = sourcecode.c.objc; path = ViewController.m; sourceTree = "<group>"; };
		74AC92491B3BFA5E008BFA90 /* Base */ = {isa = PBXFileReference; lastKnownFileType = file.storyboard; name = Base; path = Base.lproj/Main.storyboard; sourceTree = "<group>"; };
		74AC924B1B3BFA5E008BFA90 /* Images.xcassets */ = {isa = PBXFileReference; lastKnownFileType = folder.assetcatalog; path = Images.xcassets; sourceTree = "<group>"; };
		74AC924E1B3BFA5E008BFA90 /* Base */ = {isa = PBXFileReference; lastKnownFileType = file.xib; name = Base; path = Base.lproj/LaunchScreen.xib; sourceTree = "<group>"; };
		74AC92541B3BFA5E008BFA90 /* CycleScrollViewTests.xctest */ = {isa = PBXFileReference; explicitFileType = wrapper.cfbundle; includeInIndex = 0; path = CycleScrollViewTests.xctest; sourceTree = BUILT_PRODUCTS_DIR; };
		74AC92591B3BFA5E008BFA90 /* Info.plist */ = {isa = PBXFileReference; lastKnownFileType = text.plist.xml; path = Info.plist; sourceTree = "<group>"; };
		74AC925A1B3BFA5E008BFA90 /* CycleScrollViewTests.m */ = {isa = PBXFileReference; lastKnownFileType = sourcecode.c.objc; path = CycleScrollViewTests.m; sourceTree = "<group>"; };
		74AC92651B3BFAE3008BFA90 /* NSTimer+CycleScrollView.h */ = {isa = PBXFileReference; fileEncoding = 4; lastKnownFileType = sourcecode.c.h; path = "NSTimer+CycleScrollView.h"; sourceTree = "<group>"; };
		74AC92661B3BFAE3008BFA90 /* NSTimer+CycleScrollView.m */ = {isa = PBXFileReference; fileEncoding = 4; lastKnownFileType = sourcecode.c.objc; path = "NSTimer+CycleScrollView.m"; sourceTree = "<group>"; };
		74AC92681B3BFB63008BFA90 /* CycleScrollView.h */ = {isa = PBXFileReference; fileEncoding = 4; lastKnownFileType = sourcecode.c.h; path = CycleScrollView.h; sourceTree = "<group>"; };
		74AC92691B3BFB63008BFA90 /* CycleScrollView.m */ = {isa = PBXFileReference; fileEncoding = 4; lastKnownFileType = sourcecode.c.objc; path = CycleScrollView.m; sourceTree = "<group>"; };
/* End PBXFileReference section */

/* Begin PBXFrameworksBuildPhase section */
		74AC92381B3BFA5E008BFA90 /* Frameworks */ = {
			isa = PBXFrameworksBuildPhase;
			buildActionMask = 2147483647;
			files = (
			);
			runOnlyForDeploymentPostprocessing = 0;
		};
		74AC92511B3BFA5E008BFA90 /* Frameworks */ = {
			isa = PBXFrameworksBuildPhase;
			buildActionMask = 2147483647;
			files = (
			);
			runOnlyForDeploymentPostprocessing = 0;
		};
/* End PBXFrameworksBuildPhase section */

/* Begin PBXGroup section */
		74AC92321B3BFA5E008BFA90 = {
			isa = PBXGroup;
			children = (
				74AC923D1B3BFA5E008BFA90 /* CycleScrollView */,
				74AC92571B3BFA5E008BFA90 /* CycleScrollViewTests */,
				74AC923C1B3BFA5E008BFA90 /* Products */,
			);
			sourceTree = "<group>";
		};
		74AC923C1B3BFA5E008BFA90 /* Products */ = {
			isa = PBXGroup;
			children = (
				74AC923B1B3BFA5E008BFA90 /* CycleScrollView.app */,
				74AC92541B3BFA5E008BFA90 /* CycleScrollViewTests.xctest */,
			);
			name = Products;
			sourceTree = "<group>";
		};
		74AC923D1B3BFA5E008BFA90 /* CycleScrollView */ = {
			isa = PBXGroup;
			children = (
				74AC92421B3BFA5E008BFA90 /* AppDelegate.h */,
				74AC92431B3BFA5E008BFA90 /* AppDelegate.m */,
				74AC92451B3BFA5E008BFA90 /* ViewController.h */,
				74AC92461B3BFA5E008BFA90 /* ViewController.m */,
				74AC92481B3BFA5E008BFA90 /* Main.storyboard */,
				74AC924B1B3BFA5E008BFA90 /* Images.xcassets */,
				74AC924D1B3BFA5E008BFA90 /* LaunchScreen.xib */,
				74AC92641B3BFAAD008BFA90 /* CycleScrollView */,
				74AC923E1B3BFA5E008BFA90 /* Supporting Files */,
			);
			path = CycleScrollView;
			sourceTree = "<group>";
		};
		74AC923E1B3BFA5E008BFA90 /* Supporting Files */ = {
			isa = PBXGroup;
			children = (
				74AC923F1B3BFA5E008BFA90 /* Info.plist */,
				74AC92401B3BFA5E008BFA90 /* main.m */,
			);
			name = "Supporting Files";
			sourceTree = "<group>";
		};
		74AC92571B3BFA5E008BFA90 /* CycleScrollViewTests */ = {
			isa = PBXGroup;
			children = (
				74AC925A1B3BFA5E008BFA90 /* CycleScrollViewTests.m */,
				74AC92581B3BFA5E008BFA90 /* Supporting Files */,
			);
			path = CycleScrollViewTests;
			sourceTree = "<group>";
		};
		74AC92581B3BFA5E008BFA90 /* Supporting Files */ = {
			isa = PBXGroup;
			children = (
				74AC92591B3BFA5E008BFA90 /* Info.plist */,
			);
			name = "Supporting Files";
			sourceTree = "<group>";
		};
		74AC92641B3BFAAD008BFA90 /* CycleScrollView */ = {
			isa = PBXGroup;
			children = (
				74AC92651B3BFAE3008BFA90 /* NSTimer+CycleScrollView.h */,
				74AC92661B3BFAE3008BFA90 /* NSTimer+CycleScrollView.m */,
				74AC92681B3BFB63008BFA90 /* CycleScrollView.h */,
				74AC92691B3BFB63008BFA90 /* CycleScrollView.m */,
			);
			path = CycleScrollView;
			sourceTree = "<group>";
		};
/* End PBXGroup section */

/* Begin PBXNativeTarget section */
		74AC923A1B3BFA5E008BFA90 /* CycleScrollView */ = {
			isa = PBXNativeTarget;
			buildConfigurationList = 74AC925E1B3BFA5E008BFA90 /* Build configuration list for PBXNativeTarget "CycleScrollView" */;
			buildPhases = (
				74AC92371B3BFA5E008BFA90 /* Sources */,
				74AC92381B3BFA5E008BFA90 /* Frameworks */,
				74AC92391B3BFA5E008BFA90 /* Resources */,
			);
			buildRules = (
			);
			dependencies = (
			);
			name = CycleScrollView;
			productName = CycleScrollView;
			productReference = 74AC923B1B3BFA5E008BFA90 /* CycleScrollView.app */;
			productType = "com.apple.product-type.application";
		};
		74AC92531B3BFA5E008BFA90 /* CycleScrollViewTests */ = {
			isa = PBXNativeTarget;
			buildConfigurationList = 74AC92611B3BFA5E008BFA90 /* Build configuration list for PBXNativeTarget "CycleScrollViewTests" */;
			buildPhases = (
				74AC92501B3BFA5E008BFA90 /* Sources */,
				74AC92511B3BFA5E008BFA90 /* Frameworks */,
				74AC92521B3BFA5E008BFA90 /* Resources */,
			);
			buildRules = (
			);
			dependencies = (
				74AC92561B3BFA5E008BFA90 /* PBXTargetDependency */,
			);
			name = CycleScrollViewTests;
			productName = CycleScrollViewTests;
			productReference = 74AC92541B3BFA5E008BFA90 /* CycleScrollViewTests.xctest */;
			productType = "com.apple.product-type.bundle.unit-test";
		};
/* End PBXNativeTarget section */

/* Begin PBXProject section */
		74AC92331B3BFA5E008BFA90 /* Project object */ = {
			isa = PBXProject;
			attributes = {
				LastUpgradeCheck = 0630;
				ORGANIZATIONNAME = "lin wu";
				TargetAttributes = {
					74AC923A1B3BFA5E008BFA90 = {
						CreatedOnToolsVersion = 6.3.2;
					};
					74AC92531B3BFA5E008BFA90 = {
						CreatedOnToolsVersion = 6.3.2;
						TestTargetID = 74AC923A1B3BFA5E008BFA90;
					};
				};
			};
			buildConfigurationList = 74AC92361B3BFA5E008BFA90 /* Build configuration list for PBXProject "CycleScrollView" */;
			compatibilityVersion = "Xcode 3.2";
			developmentRegion = English;
			hasScannedForEncodings = 0;
			knownRegions = (
				en,
				Base,
			);
			mainGroup = 74AC92321B3BFA5E008BFA90;
			productRefGroup = 74AC923C1B3BFA5E008BFA90 /* Products */;
			projectDirPath = "";
			projectRoot = "";
			targets = (
				74AC923A1B3BFA5E008BFA90 /* CycleScrollView */,
				74AC92531B3BFA5E008BFA90 /* CycleScrollViewTests */,
			);
		};
/* End PBXProject section */

/* Begin PBXResourcesBuildPhase section */
		74AC92391B3BFA5E008BFA90 /* Resources */ = {
			isa = PBXResourcesBuildPhase;
			buildActionMask = 2147483647;
			files = (
				74AC924A1B3BFA5E008BFA90 /* Main.storyboard in Resources */,
				74AC924F1B3BFA5E008BFA90 /* LaunchScreen.xib in Resources */,
				74AC924C1B3BFA5E008BFA90 /* Images.xcassets in Resources */,
			);
			runOnlyForDeploymentPostprocessing = 0;
		};
		74AC92521B3BFA5E008BFA90 /* Resources */ = {
			isa = PBXResourcesBuildPhase;
			buildActionMask = 2147483647;
			files = (
			);
			runOnlyForDeploymentPostprocessing = 0;
		};
/* End PBXResourcesBuildPhase section */

/* Begin PBXSourcesBuildPhase section */
		74AC92371B3BFA5E008BFA90 /* Sources */ = {
			isa = PBXSourcesBuildPhase;
			buildActionMask = 2147483647;
			files = (
				74AC926A1B3BFB63008BFA90 /* CycleScrollView.m in Sources */,
				74AC92471B3BFA5E008BFA90 /* ViewController.m in Sources */,
				74AC92441B3BFA5E008BFA90 /* AppDelegate.m in Sources */,
				74AC92411B3BFA5E008BFA90 /* main.m in Sources */,
				74AC92671B3BFAE3008BFA90 /* NSTimer+CycleScrollView.m in Sources */,
			);
			runOnlyForDeploymentPostprocessing = 0;
		};
		74AC92501B3BFA5E008BFA90 /* Sources */ = {
			isa = PBXSourcesBuildPhase;
			buildActionMask = 2147483647;
			files = (
				74AC925B1B3BFA5E008BFA90 /* CycleScrollViewTests.m in Sources */,
			);
			runOnlyForDeploymentPostprocessing = 0;
		};
/* End PBXSourcesBuildPhase section */

/* Begin PBXTargetDependency section */
		74AC92561B3BFA5E008BFA90 /* PBXTargetDependency */ = {
			isa = PBXTargetDependency;
			target = 74AC923A1B3BFA5E008BFA90 /* CycleScrollView */;
			targetProxy = 74AC92551B3BFA5E008BFA90 /* PBXContainerItemProxy */;
		};
/* End PBXTargetDependency section */

/* Begin PBXVariantGroup section */
		74AC92481B3BFA5E008BFA90 /* Main.storyboard */ = {
			isa = PBXVariantGroup;
			children = (
				74AC92491B3BFA5E008BFA90 /* Base */,
			);
			name = Main.storyboard;
			sourceTree = "<group>";
		};
		74AC924D1B3BFA5E008BFA90 /* LaunchScreen.xib */ = {
			isa = PBXVariantGroup;
			children = (
				74AC924E1B3BFA5E008BFA90 /* Base */,
			);
			name = LaunchScreen.xib;
			sourceTree = "<group>";
		};
/* End PBXVariantGroup section */

/* Begin XCBuildConfiguration section */
		74AC925C1B3BFA5E008BFA90 /* Debug */ = {
			isa = XCBuildConfiguration;
			buildSettings = {
				ALWAYS_SEARCH_USER_PATHS = NO;
				CLANG_CXX_LANGUAGE_STANDARD = "gnu++0x";
				CLANG_CXX_LIBRARY = "libc++";
				CLANG_ENABLE_MODULES = YES;
				CLANG_ENABLE_OBJC_ARC = YES;
				CLANG_WARN_BOOL_CONVERSION = YES;
				CLANG_WARN_CONSTANT_CONVERSION = YES;
				CLANG_WARN_DIRECT_OBJC_ISA_USAGE = YES_ERROR;
				CLANG_WARN_EMPTY_BODY = YES;
				CLANG_WARN_ENUM_CONVERSION = YES;
				CLANG_WARN_INT_CONVERSION = YES;
				CLANG_WARN_OBJC_ROOT_CLASS = YES_ERROR;
				CLANG_WARN_UNREACHABLE_CODE = YES;
				CLANG_WARN__DUPLICATE_METHOD_MATCH = YES;
				"CODE_SIGN_IDENTITY[sdk=iphoneos*]" = "iPhone Developer";
				COPY_PHASE_STRIP = NO;
				DEBUG_INFORMATION_FORMAT = "dwarf-with-dsym";
				ENABLE_STRICT_OBJC_MSGSEND = YES;
				GCC_C_LANGUAGE_STANDARD = gnu99;
				GCC_DYNAMIC_NO_PIC = NO;
				GCC_NO_COMMON_BLOCKS = YES;
				GCC_OPTIMIZATION_LEVEL = 0;
				GCC_PREPROCESSOR_DEFINITIONS = (
					"DEBUG=1",
					"$(inherited)",
				);
				GCC_SYMBOLS_PRIVATE_EXTERN = NO;
				GCC_WARN_64_TO_32_BIT_CONVERSION = YES;
				GCC_WARN_ABOUT_RETURN_TYPE = YES_ERROR;
				GCC_WARN_UNDECLARED_SELECTOR = YES;
				GCC_WARN_UNINITIALIZED_AUTOS = YES_AGGRESSIVE;
				GCC_WARN_UNUSED_FUNCTION = YES;
				GCC_WARN_UNUSED_VARIABLE = YES;
				IPHONEOS_DEPLOYMENT_TARGET = 8.3;
				MTL_ENABLE_DEBUG_INFO = YES;
				ONLY_ACTIVE_ARCH = YES;
				SDKROOT = iphoneos;
				TARGETED_DEVICE_FAMILY = "1,2";
			};
			name = Debug;
		};
		74AC925D1B3BFA5E008BFA90 /* Release */ = {
			isa = XCBuildConfiguration;
			buildSettings = {
				ALWAYS_SEARCH_USER_PATHS = NO;
				CLANG_CXX_LANGUAGE_STANDARD = "gnu++0x";
				CLANG_CXX_LIBRARY = "libc++";
				CLANG_ENABLE_MODULES = YES;
				CLANG_ENABLE_OBJC_ARC = YES;
				CLANG_WARN_BOOL_CONVERSION = YES;
				CLANG_WARN_CONSTANT_CONVERSION = YES;
				CLANG_WARN_DIRECT_OBJC_ISA_USAGE = YES_ERROR;
				CLANG_WARN_EMPTY_BODY = YES;
				CLANG_WARN_ENUM_CONVERSION = YES;
				CLANG_WARN_INT_CONVERSION = YES;
				CLANG_WARN_OBJC_ROOT_CLASS = YES_ERROR;
				CLANG_WARN_UNREACHABLE_CODE = YES;
				CLANG_WARN__DUPLICATE_METHOD_MATCH = YES;
				"CODE_SIGN_IDENTITY[sdk=iphoneos*]" = "iPhone Developer";
				COPY_PHASE_STRIP = NO;
				DEBUG_INFORMATION_FORMAT = "dwarf-with-dsym";
				ENABLE_NS_ASSERTIONS = NO;
				ENABLE_STRICT_OBJC_MSGSEND = YES;
				GCC_C_LANGUAGE_STANDARD = gnu99;
				GCC_NO_COMMON_BLOCKS = YES;
				GCC_WARN_64_TO_32_BIT_CONVERSION = YES;
				GCC_WARN_ABOUT_RETURN_TYPE = YES_ERROR;
				GCC_WARN_UNDECLARED_SELECTOR = YES;
				GCC_WARN_UNINITIALIZED_AUTOS = YES_AGGRESSIVE;
				GCC_WARN_UNUSED_FUNCTION = YES;
				GCC_WARN_UNUSED_VARIABLE = YES;
				IPHONEOS_DEPLOYMENT_TARGET = 8.3;
				MTL_ENABLE_DEBUG_INFO = NO;
				SDKROOT = iphoneos;
				TARGETED_DEVICE_FAMILY = "1,2";
				VALIDATE_PRODUCT = YES;
			};
			name = Release;
		};
		74AC925F1B3BFA5E008BFA90 /* Debug */ = {
			isa = XCBuildConfiguration;
			buildSettings = {
				ASSETCATALOG_COMPILER_APPICON_NAME = AppIcon;
				INFOPLIST_FILE = CycleScrollView/Info.plist;
				LD_RUNPATH_SEARCH_PATHS = "$(inherited) @executable_path/Frameworks";
				PRODUCT_NAME = "$(TARGET_NAME)";
			};
			name = Debug;
		};
		74AC92601B3BFA5E008BFA90 /* Release */ = {
			isa = XCBuildConfiguration;
			buildSettings = {
				ASSETCATALOG_COMPILER_APPICON_NAME = AppIcon;
				INFOPLIST_FILE = CycleScrollView/Info.plist;
				LD_RUNPATH_SEARCH_PATHS = "$(inherited) @executable_path/Frameworks";
				PRODUCT_NAME = "$(TARGET_NAME)";
			};
			name = Release;
		};
		74AC92621B3BFA5E008BFA90 /* Debug */ = {
			isa = XCBuildConfiguration;
			buildSettings = {
				BUNDLE_LOADER = "$(TEST_HOST)";
				FRAMEWORK_SEARCH_PATHS = (
					"$(SDKROOT)/Developer/Library/Frameworks",
					"$(inherited)",
				);
				GCC_PREPROCESSOR_DEFINITIONS = (
					"DEBUG=1",
					"$(inherited)",
				);
				INFOPLIST_FILE = CycleScrollViewTests/Info.plist;
				LD_RUNPATH_SEARCH_PATHS = "$(inherited) @executable_path/Frameworks @loader_path/Frameworks";
				PRODUCT_NAME = "$(TARGET_NAME)";
				TEST_HOST = "$(BUILT_PRODUCTS_DIR)/CycleScrollView.app/CycleScrollView";
			};
			name = Debug;
		};
		74AC92631B3BFA5E008BFA90 /* Release */ = {
			isa = XCBuildConfiguration;
			buildSettings = {
				BUNDLE_LOADER = "$(TEST_HOST)";
				FRAMEWORK_SEARCH_PATHS = (
					"$(SDKROOT)/Developer/Library/Frameworks",
					"$(inherited)",
				);
				INFOPLIST_FILE = CycleScrollViewTests/Info.plist;
				LD_RUNPATH_SEARCH_PATHS = "$(inherited) @executable_path/Frameworks @loader_path/Frameworks";
				PRODUCT_NAME = "$(TARGET_NAME)";
				TEST_HOST = "$(BUILT_PRODUCTS_DIR)/CycleScrollView.app/CycleScrollView";
			};
			name = Release;
		};
/* End XCBuildConfiguration section */

/* Begin XCConfigurationList section */
		74AC92361B3BFA5E008BFA90 /* Build configuration list for PBXProject "CycleScrollView" */ = {
			isa = XCConfigurationList;
			buildConfigurations = (
				74AC925C1B3BFA5E008BFA90 /* Debug */,
				74AC925D1B3BFA5E008BFA90 /* Release */,
			);
			defaultConfigurationIsVisible = 0;
			defaultConfigurationName = Release;
		};
		74AC925E1B3BFA5E008BFA90 /* Build configuration list for PBXNativeTarget "CycleScrollView" */ = {
			isa = XCConfigurationList;
			buildConfigurations = (
				74AC925F1B3BFA5E008BFA90 /* Debug */,
				74AC92601B3BFA5E008BFA90 /* Release */,
			);
			defaultConfigurationIsVisible = 0;
		};
		74AC92611B3BFA5E008BFA90 /* Build configuration list for PBXNativeTarget "CycleScrollViewTests" */ = {
			isa = XCConfigurationList;
			buildConfigurations = (
				74AC92621B3BFA5E008BFA90 /* Debug */,
				74AC92631B3BFA5E008BFA90 /* Release */,
			);
			defaultConfigurationIsVisible = 0;
		};
/* End XCConfigurationList section */
	};
	rootObject = 74AC92331B3BFA5E008BFA90 /* Project object */;
}
